
Microsoft Visual Studio Solution File, Format Version 12.00
# Visual Studio Version 16
VisualStudioVersion = 16.0.30011.22
MinimumVisualStudioVersion = 10.0.40219.1
Project("{FAE04EC0-301F-11D3-BF4B-00C04F79EFBC}") = "slice_web", "slice_web\slice_web.csproj", "{AFDBDB05-B36E-4EEC-AEBF-7E1BF1D5A6B9}"
EndProject
Global
	GlobalSection(SolutionConfigurationPlatforms) = preSolution
		Debug|Any CPU = Debug|Any CPU
		Release|Any CPU = Release|Any CPU
	EndGlobalSection
	GlobalSection(ProjectConfigurationPlatforms) = postSolution
		{AFDBDB05-B36E-4EEC-AEBF-7E1BF1D5A6B9}.Debug|Any CPU.ActiveCfg = Debug|Any CPU
		{AFDBDB05-B36E-4EEC-AEBF-7E1BF1D5A6B9}.Debug|Any CPU.Build.0 = Debug|Any CPU
		{AFDBDB05-B36E-4EEC-AEBF-7E1BF1D5A6B9}.Release|Any CPU.ActiveCfg = Release|Any CPU
		{AFDBDB05-B36E-4EEC-AEBF-7E1BF1D5A6B9}.Release|Any CPU.Build.0 = Release|Any CPU
	EndGlobalSection
	GlobalSection(SolutionProperties) = preSolution
		HideSolutionNode = FALSE
	EndGlobalSection
	GlobalSection(ExtensibilityGlobals) = postSolution
		SolutionGuid = {8D6CBBC3-B055-4CD6-9CE4-3CA4EA635067}
	EndGlobalSection
EndGlobal
